# THIS IS AN AUTOGENERATED FILE. DO NOT EDIT THIS FILE DIRECTLY.
# yarn lockfile v1


luch-request@^3.0.4:
  version "3.0.4"
  resolved "https://registry.yarnpkg.com/luch-request/-/luch-request-3.0.4.tgz#5d713144a6bf01b97b81212ff6d2c02855da11cc"
  integrity sha512-0EHgbelLh62g2ddJcSdCE3Y3+lOKo0EpW6nT+nmEWOfMb79kqiqb0H7ytHoLAEJx1cwyrerlPLCHivMRhBUrhg==
